
Microsoft Visual Studio Solution File, Format Version 12.00
# Visual Studio Version 16
VisualStudioVersion = 25.0.1706.12
MinimumVisualStudioVersion = 10.0.40219.1
Project("{FAE04EC0-301F-11D3-BF4B-00C04F79EFBC}") = "HAHDotNetCore.ConsoleApp", "HAHDotNetCore.ConsoleApp\HAHDotNetCore.ConsoleApp.csproj", "{D5BD9614-CB85-4538-90F7-16362F596874}"
EndProject
Project("{2150E333-8FDC-42A3-9474-1A3956D46DE8}") = "Document", "Document", "{62465592-69C8-4F28-B502-8864B7DC1E4F}"
	ProjectSection(SolutionItems) = preProject
		README.md = README.md
	EndProjectSection
EndProject
Project("{FAE04EC0-301F-11D3-BF4B-00C04F79EFBC}") = "HAHDotNetCore.RestApi", "HAHDotNetCore.RestApi\HAHDotNetCore.RestApi.csproj", "{AD303E01-9D72-4465-9063-76BF59BE28E1}"
EndProject
Project("{FAE04EC0-301F-11D3-BF4B-00C04F79EFBC}") = "HAHDotNetCore.Shared", "HAHDotNetCore.Shared\HAHDotNetCore.Shared.csproj", "{38003924-8B7B-443F-9E40-245684E7B8A5}"
EndProject
Project("{FAE04EC0-301F-11D3-BF4B-00C04F79EFBC}") = "HAHDotNetCore.RestApiWithNLayer", "HAHDotNetCore.RestApiWithNLayer\HAHDotNetCore.RestApiWithNLayer.csproj", "{35D9256B-3F36-429E-84F2-2120638788C3}"
EndProject
Project("{FAE04EC0-301F-11D3-BF4B-00C04F79EFBC}") = "HAHDotNetCore.ConsoleAppHttpClient", "HAHDotNetCore.ConsoleAppHttpClient\HAHDotNetCore.ConsoleAppHttpClient.csproj", "{17A00461-4F4A-425B-BD23-D897941407A4}"
EndProject
Project("{FAE04EC0-301F-11D3-BF4B-00C04F79EFBC}") = "HAHDotNetCore.ConsoleAppHttpClientExamples", "HAHDotNetCore.ConsoleAppHttpClientExamples\HAHDotNetCore.ConsoleAppHttpClientExamples.csproj", "{CF62589B-26D2-44FC-AE88-B49A631369C0}"
EndProject
Project("{FAE04EC0-301F-11D3-BF4B-00C04F79EFBC}") = "HAHDotNetCore.ConsoleAppRestClientExamples", "HAHDotNetCore.ConsoleAppRestClientExamples\HAHDotNetCore.ConsoleAppRestClientExamples.csproj", "{62FBA6B2-5BF8-46E7-ABAD-7F372FAA4942}"
EndProject
Project("{FAE04EC0-301F-11D3-BF4B-00C04F79EFBC}") = "HAHDotNetCore.PizzaApi", "HAHDotNetCore.PizzaApi\HAHDotNetCore.PizzaApi.csproj", "{2293C8E2-F2E1-4363-97BD-98592D0B812B}"
EndProject
Project("{FAE04EC0-301F-11D3-BF4B-00C04F79EFBC}") = "HAHDotNetCore.ConsoleAppRefitExamples", "HAHDotNetCore.ConsoleAppRefitExamples\HAHDotNetCore.ConsoleAppRefitExamples.csproj", "{75EB8912-8E38-4AA1-B761-7D3FDEBCC5C1}"
EndProject
Project("{FAE04EC0-301F-11D3-BF4B-00C04F79EFBC}") = "HAHDotNetCore.NLayer.UI", "HAHDotNetCore.NLayer.UI\HAHDotNetCore.NLayer.UI.csproj", "{F1DCB975-6363-4DE4-9C9D-651DD534EDCB}"
EndProject
Project("{FAE04EC0-301F-11D3-BF4B-00C04F79EFBC}") = "HAHDotNetCore.NLayer.BusinessLogic", "HAHDotNetCore.NLayer.BusinessLogic\HAHDotNetCore.NLayer.BusinessLogic.csproj", "{01790E0D-24D7-46DA-80A3-0DBA92745D90}"
EndProject
Project("{FAE04EC0-301F-11D3-BF4B-00C04F79EFBC}") = "HAHDotNetCore.NLayer.DataAccess", "HAHDotNetCore.NLayer.DataAccess\HAHDotNetCore.NLayer.DataAccess.csproj", "{96F9763E-5580-447B-B88E-417B23839660}"
EndProject
Project("{FAE04EC0-301F-11D3-BF4B-00C04F79EFBC}") = "HAHDotNetCore.RestApiDependencyInjection", "HAHDotNetCore.RestApiDependencyInjection\HAHDotNetCore.RestApiDependencyInjection.csproj", "{BBE01967-E6AF-438F-9ED4-4C2BD0BECE5F}"
EndProject
Project("{FAE04EC0-301F-11D3-BF4B-00C04F79EFBC}") = "HAHDotNetCore.MinimalApi", "HAHDotNetCore.MinimalApi\HAHDotNetCore.MinimalApi.csproj", "{8F4F758C-0A7B-490D-A0B9-0626E158D270}"
EndProject
Project("{FAE04EC0-301F-11D3-BF4B-00C04F79EFBC}") = "HAHDotNetCore.BlazorServerApp", "HAHDotNetCore.BlazorServerApp\HAHDotNetCore.BlazorServerApp.csproj", "{80D30957-AC51-4330-8D87-8FA474A4FC2B}"
EndProject
Project("{FAE04EC0-301F-11D3-BF4B-00C04F79EFBC}") = "HAHDotNetCore.BlazorWebAssemblyApp", "HAHDotNetCore.BlazorWebAssemblyApp\HAHDotNetCore.BlazorWebAssemblyApp.csproj", "{0184523F-B744-43CE-84A8-90B721B3417F}"
EndProject
Project("{FAE04EC0-301F-11D3-BF4B-00C04F79EFBC}") = "HAHDotNetCore.BlazorClientServer.Server", "HAHDotNetCore.BlazorClientServer\Server\HAHDotNetCore.BlazorClientServer.Server.csproj", "{6149B416-7CE1-4B0D-ABA0-8AD258404331}"
EndProject
Project("{FAE04EC0-301F-11D3-BF4B-00C04F79EFBC}") = "HAHDotNetCore.BlazorClientServer.Client", "HAHDotNetCore.BlazorClientServer\Client\HAHDotNetCore.BlazorClientServer.Client.csproj", "{7A58E34C-B212-4FE3-9423-6EA5319C4C98}"
EndProject
Project("{FAE04EC0-301F-11D3-BF4B-00C04F79EFBC}") = "HAHDotNetCore.BlazorClientServer.Shared", "HAHDotNetCore.BlazorClientServer\Shared\HAHDotNetCore.BlazorClientServer.Shared.csproj", "{D2468A3C-C8DC-492D-A8D4-AE9C087A2A0C}"
EndProject
Project("{FAE04EC0-301F-11D3-BF4B-00C04F79EFBC}") = "HAHDotNetCore.BlazorWebAssemblyAppApi", "HAHDotNetCore.BlazorWebAssemblyAppApi\HAHDotNetCore.BlazorWebAssemblyAppApi.csproj", "{745F7CC4-22CD-42DF-862C-DEFF68F34B75}"
EndProject
Project("{FAE04EC0-301F-11D3-BF4B-00C04F79EFBC}") = "HAHDotNetCore.MvcApp", "HAHDotNetCore.MvcApp\HAHDotNetCore.MvcApp.csproj", "{74C41BC3-2A48-474B-9735-155A8465C5A3}"
EndProject
Project("{FAE04EC0-301F-11D3-BF4B-00C04F79EFBC}") = "DotNetTrainingBatch3.WebApi", "DotNetTrainingBatch3.WebApi\DotNetTrainingBatch3.WebApi.csproj", "{A86A26FC-84CA-4CFC-A5AF-D38451087C72}"
EndProject
Global
	GlobalSection(SolutionConfigurationPlatforms) = preSolution
		Debug|Any CPU = Debug|Any CPU
		Release|Any CPU = Release|Any CPU
	EndGlobalSection
	GlobalSection(ProjectConfigurationPlatforms) = postSolution
		{D5BD9614-CB85-4538-90F7-16362F596874}.Debug|Any CPU.ActiveCfg = Debug|Any CPU
		{D5BD9614-CB85-4538-90F7-16362F596874}.Debug|Any CPU.Build.0 = Debug|Any CPU
		{D5BD9614-CB85-4538-90F7-16362F596874}.Release|Any CPU.ActiveCfg = Release|Any CPU
		{D5BD9614-CB85-4538-90F7-16362F596874}.Release|Any CPU.Build.0 = Release|Any CPU
		{AD303E01-9D72-4465-9063-76BF59BE28E1}.Debug|Any CPU.ActiveCfg = Debug|Any CPU
		{AD303E01-9D72-4465-9063-76BF59BE28E1}.Debug|Any CPU.Build.0 = Debug|Any CPU
		{AD303E01-9D72-4465-9063-76BF59BE28E1}.Release|Any CPU.ActiveCfg = Release|Any CPU
		{AD303E01-9D72-4465-9063-76BF59BE28E1}.Release|Any CPU.Build.0 = Release|Any CPU
		{38003924-8B7B-443F-9E40-245684E7B8A5}.Debug|Any CPU.ActiveCfg = Debug|Any CPU
		{38003924-8B7B-443F-9E40-245684E7B8A5}.Debug|Any CPU.Build.0 = Debug|Any CPU
		{38003924-8B7B-443F-9E40-245684E7B8A5}.Release|Any CPU.ActiveCfg = Release|Any CPU
		{38003924-8B7B-443F-9E40-245684E7B8A5}.Release|Any CPU.Build.0 = Release|Any CPU
		{35D9256B-3F36-429E-84F2-2120638788C3}.Debug|Any CPU.ActiveCfg = Debug|Any CPU
		{35D9256B-3F36-429E-84F2-2120638788C3}.Debug|Any CPU.Build.0 = Debug|Any CPU
		{35D9256B-3F36-429E-84F2-2120638788C3}.Release|Any CPU.ActiveCfg = Release|Any CPU
		{35D9256B-3F36-429E-84F2-2120638788C3}.Release|Any CPU.Build.0 = Release|Any CPU
		{17A00461-4F4A-425B-BD23-D897941407A4}.Debug|Any CPU.ActiveCfg = Debug|Any CPU
		{17A00461-4F4A-425B-BD23-D897941407A4}.Debug|Any CPU.Build.0 = Debug|Any CPU
		{17A00461-4F4A-425B-BD23-D897941407A4}.Release|Any CPU.ActiveCfg = Release|Any CPU
		{17A00461-4F4A-425B-BD23-D897941407A4}.Release|Any CPU.Build.0 = Release|Any CPU
		{CF62589B-26D2-44FC-AE88-B49A631369C0}.Debug|Any CPU.ActiveCfg = Debug|Any CPU
		{CF62589B-26D2-44FC-AE88-B49A631369C0}.Debug|Any CPU.Build.0 = Debug|Any CPU
		{CF62589B-26D2-44FC-AE88-B49A631369C0}.Release|Any CPU.ActiveCfg = Release|Any CPU
		{CF62589B-26D2-44FC-AE88-B49A631369C0}.Release|Any CPU.Build.0 = Release|Any CPU
		{62FBA6B2-5BF8-46E7-ABAD-7F372FAA4942}.Debug|Any CPU.ActiveCfg = Debug|Any CPU
		{62FBA6B2-5BF8-46E7-ABAD-7F372FAA4942}.Debug|Any CPU.Build.0 = Debug|Any CPU
		{62FBA6B2-5BF8-46E7-ABAD-7F372FAA4942}.Release|Any CPU.ActiveCfg = Release|Any CPU
		{62FBA6B2-5BF8-46E7-ABAD-7F372FAA4942}.Release|Any CPU.Build.0 = Release|Any CPU
		{2293C8E2-F2E1-4363-97BD-98592D0B812B}.Debug|Any CPU.ActiveCfg = Debug|Any CPU
		{2293C8E2-F2E1-4363-97BD-98592D0B812B}.Debug|Any CPU.Build.0 = Debug|Any CPU
		{2293C8E2-F2E1-4363-97BD-98592D0B812B}.Release|Any CPU.ActiveCfg = Release|Any CPU
		{2293C8E2-F2E1-4363-97BD-98592D0B812B}.Release|Any CPU.Build.0 = Release|Any CPU
		{75EB8912-8E38-4AA1-B761-7D3FDEBCC5C1}.Debug|Any CPU.ActiveCfg = Debug|Any CPU
		{75EB8912-8E38-4AA1-B761-7D3FDEBCC5C1}.Debug|Any CPU.Build.0 = Debug|Any CPU
		{75EB8912-8E38-4AA1-B761-7D3FDEBCC5C1}.Release|Any CPU.ActiveCfg = Release|Any CPU
		{75EB8912-8E38-4AA1-B761-7D3FDEBCC5C1}.Release|Any CPU.Build.0 = Release|Any CPU
		{F1DCB975-6363-4DE4-9C9D-651DD534EDCB}.Debug|Any CPU.ActiveCfg = Debug|Any CPU
		{F1DCB975-6363-4DE4-9C9D-651DD534EDCB}.Debug|Any CPU.Build.0 = Debug|Any CPU
		{F1DCB975-6363-4DE4-9C9D-651DD534EDCB}.Release|Any CPU.ActiveCfg = Release|Any CPU
		{F1DCB975-6363-4DE4-9C9D-651DD534EDCB}.Release|Any CPU.Build.0 = Release|Any CPU
		{01790E0D-24D7-46DA-80A3-0DBA92745D90}.Debug|Any CPU.ActiveCfg = Debug|Any CPU
		{01790E0D-24D7-46DA-80A3-0DBA92745D90}.Debug|Any CPU.Build.0 = Debug|Any CPU
		{01790E0D-24D7-46DA-80A3-0DBA92745D90}.Release|Any CPU.ActiveCfg = Release|Any CPU
		{01790E0D-24D7-46DA-80A3-0DBA92745D90}.Release|Any CPU.Build.0 = Release|Any CPU
		{96F9763E-5580-447B-B88E-417B23839660}.Debug|Any CPU.ActiveCfg = Debug|Any CPU
		{96F9763E-5580-447B-B88E-417B23839660}.Debug|Any CPU.Build.0 = Debug|Any CPU
		{96F9763E-5580-447B-B88E-417B23839660}.Release|Any CPU.ActiveCfg = Release|Any CPU
		{96F9763E-5580-447B-B88E-417B23839660}.Release|Any CPU.Build.0 = Release|Any CPU
		{BBE01967-E6AF-438F-9ED4-4C2BD0BECE5F}.Debug|Any CPU.ActiveCfg = Debug|Any CPU
		{BBE01967-E6AF-438F-9ED4-4C2BD0BECE5F}.Debug|Any CPU.Build.0 = Debug|Any CPU
		{BBE01967-E6AF-438F-9ED4-4C2BD0BECE5F}.Release|Any CPU.ActiveCfg = Release|Any CPU
		{BBE01967-E6AF-438F-9ED4-4C2BD0BECE5F}.Release|Any CPU.Build.0 = Release|Any CPU
		{8F4F758C-0A7B-490D-A0B9-0626E158D270}.Debug|Any CPU.ActiveCfg = Debug|Any CPU
		{8F4F758C-0A7B-490D-A0B9-0626E158D270}.Debug|Any CPU.Build.0 = Debug|Any CPU
		{8F4F758C-0A7B-490D-A0B9-0626E158D270}.Release|Any CPU.ActiveCfg = Release|Any CPU
		{8F4F758C-0A7B-490D-A0B9-0626E158D270}.Release|Any CPU.Build.0 = Release|Any CPU
		{80D30957-AC51-4330-8D87-8FA474A4FC2B}.Debug|Any CPU.ActiveCfg = Debug|Any CPU
		{80D30957-AC51-4330-8D87-8FA474A4FC2B}.Debug|Any CPU.Build.0 = Debug|Any CPU
		{80D30957-AC51-4330-8D87-8FA474A4FC2B}.Release|Any CPU.ActiveCfg = Release|Any CPU
		{80D30957-AC51-4330-8D87-8FA474A4FC2B}.Release|Any CPU.Build.0 = Release|Any CPU
		{0184523F-B744-43CE-84A8-90B721B3417F}.Debug|Any CPU.ActiveCfg = Debug|Any CPU
		{0184523F-B744-43CE-84A8-90B721B3417F}.Debug|Any CPU.Build.0 = Debug|Any CPU
		{0184523F-B744-43CE-84A8-90B721B3417F}.Release|Any CPU.ActiveCfg = Release|Any CPU
		{0184523F-B744-43CE-84A8-90B721B3417F}.Release|Any CPU.Build.0 = Release|Any CPU
		{6149B416-7CE1-4B0D-ABA0-8AD258404331}.Debug|Any CPU.ActiveCfg = Debug|Any CPU
		{6149B416-7CE1-4B0D-ABA0-8AD258404331}.Debug|Any CPU.Build.0 = Debug|Any CPU
		{6149B416-7CE1-4B0D-ABA0-8AD258404331}.Release|Any CPU.ActiveCfg = Release|Any CPU
		{6149B416-7CE1-4B0D-ABA0-8AD258404331}.Release|Any CPU.Build.0 = Release|Any CPU
		{7A58E34C-B212-4FE3-9423-6EA5319C4C98}.Debug|Any CPU.ActiveCfg = Debug|Any CPU
		{7A58E34C-B212-4FE3-9423-6EA5319C4C98}.Debug|Any CPU.Build.0 = Debug|Any CPU
		{7A58E34C-B212-4FE3-9423-6EA5319C4C98}.Release|Any CPU.ActiveCfg = Release|Any CPU
		{7A58E34C-B212-4FE3-9423-6EA5319C4C98}.Release|Any CPU.Build.0 = Release|Any CPU
		{D2468A3C-C8DC-492D-A8D4-AE9C087A2A0C}.Debug|Any CPU.ActiveCfg = Debug|Any CPU
		{D2468A3C-C8DC-492D-A8D4-AE9C087A2A0C}.Debug|Any CPU.Build.0 = Debug|Any CPU
		{D2468A3C-C8DC-492D-A8D4-AE9C087A2A0C}.Release|Any CPU.ActiveCfg = Release|Any CPU
		{D2468A3C-C8DC-492D-A8D4-AE9C087A2A0C}.Release|Any CPU.Build.0 = Release|Any CPU
		{745F7CC4-22CD-42DF-862C-DEFF68F34B75}.Debug|Any CPU.ActiveCfg = Debug|Any CPU
		{745F7CC4-22CD-42DF-862C-DEFF68F34B75}.Debug|Any CPU.Build.0 = Debug|Any CPU
		{745F7CC4-22CD-42DF-862C-DEFF68F34B75}.Release|Any CPU.ActiveCfg = Release|Any CPU
		{745F7CC4-22CD-42DF-862C-DEFF68F34B75}.Release|Any CPU.Build.0 = Release|Any CPU
		{74C41BC3-2A48-474B-9735-155A8465C5A3}.Debug|Any CPU.ActiveCfg = Debug|Any CPU
		{74C41BC3-2A48-474B-9735-155A8465C5A3}.Debug|Any CPU.Build.0 = Debug|Any CPU
		{74C41BC3-2A48-474B-9735-155A8465C5A3}.Release|Any CPU.ActiveCfg = Release|Any CPU
		{74C41BC3-2A48-474B-9735-155A8465C5A3}.Release|Any CPU.Build.0 = Release|Any CPU
		{A86A26FC-84CA-4CFC-A5AF-D38451087C72}.Debug|Any CPU.ActiveCfg = Debug|Any CPU
		{A86A26FC-84CA-4CFC-A5AF-D38451087C72}.Debug|Any CPU.Build.0 = Debug|Any CPU
		{A86A26FC-84CA-4CFC-A5AF-D38451087C72}.Release|Any CPU.ActiveCfg = Release|Any CPU
		{A86A26FC-84CA-4CFC-A5AF-D38451087C72}.Release|Any CPU.Build.0 = Release|Any CPU
	EndGlobalSection
	GlobalSection(SolutionProperties) = preSolution
		HideSolutionNode = FALSE
	EndGlobalSection
	GlobalSection(ExtensibilityGlobals) = postSolution
		SolutionGuid = {B2FF6B12-8797-4DC5-A9B2-4EA3927A67D1}
	EndGlobalSection
EndGlobal
